
Microsoft Visual Studio Solution File, Format Version 12.00
# Visual Studio Version 17
VisualStudioVersion = 17.5.002.0
MinimumVisualStudioVersion = 10.0.40219.1
Project("{2150E333-8FDC-42A3-9474-1A3956D46DE8}") = "src", "src", "{DA7B0F04-BF4B-493C-9348-D8A634C8D07C}"
EndProject
Project("{9A19103F-16F7-4668-BE54-9A1E7A4F7556}") = "PosApp.Domain", "src\PosApp.Core\PosApp.Domain.csproj", "{1587CC24-DAE7-4927-8B3F-CC6185BA8A2B}"
EndProject
Project("{9A19103F-16F7-4668-BE54-9A1E7A4F7556}") = "PosApp.Infrastructure", "src\PosApp.Infraestructure\PosApp.Infrastructure.csproj", "{EC170343-0DAC-4B68-A51C-803FCB5A6F0E}"
EndProject
Project("{9A19103F-16F7-4668-BE54-9A1E7A4F7556}") = "PosApp.PublicApi", "src\PosApp.PublicApi\PosApp.PublicApi.csproj", "{443A0F4D-F98E-46B2-90C7-0EF87075AD16}"
EndProject
Project("{9A19103F-16F7-4668-BE54-9A1E7A4F7556}") = "PosApp.Web", "src\PosApp.web\PosApp.Web.csproj", "{51FF1939-FA26-471B-A3A4-44339F53383F}"
EndProject
Project("{2150E333-8FDC-42A3-9474-1A3956D46DE8}") = "tests", "tests", "{3CA5F8C9-5D53-4193-AD5F-8E10EB25B2CE}"
EndProject
Project("{9A19103F-16F7-4668-BE54-9A1E7A4F7556}") = "UnitTests", "tests\UnitTests\UnitTests.csproj", "{A8D73DF0-1D8E-4B8F-9C6D-72458A3C82D2}"
EndProject
Project("{9A19103F-16F7-4668-BE54-9A1E7A4F7556}") = "PosApp.Aplication", "src\PosApp.Aplication\PosApp.Aplication.csproj", "{9873B892-C1F1-489C-AC83-40DEC198B197}"
EndProject
Project("{2150E333-8FDC-42A3-9474-1A3956D46DE8}") = "services", "services", "{A6625B5B-801B-4477-A09F-E536410B446B}"
EndProject
Global
	GlobalSection(SolutionConfigurationPlatforms) = preSolution
		Debug|Any CPU = Debug|Any CPU
		Release|Any CPU = Release|Any CPU
	EndGlobalSection
	GlobalSection(ProjectConfigurationPlatforms) = postSolution
		{1587CC24-DAE7-4927-8B3F-CC6185BA8A2B}.Debug|Any CPU.ActiveCfg = Debug|Any CPU
		{1587CC24-DAE7-4927-8B3F-CC6185BA8A2B}.Debug|Any CPU.Build.0 = Debug|Any CPU
		{1587CC24-DAE7-4927-8B3F-CC6185BA8A2B}.Release|Any CPU.ActiveCfg = Release|Any CPU
		{1587CC24-DAE7-4927-8B3F-CC6185BA8A2B}.Release|Any CPU.Build.0 = Release|Any CPU
		{EC170343-0DAC-4B68-A51C-803FCB5A6F0E}.Debug|Any CPU.ActiveCfg = Debug|Any CPU
		{EC170343-0DAC-4B68-A51C-803FCB5A6F0E}.Debug|Any CPU.Build.0 = Debug|Any CPU
		{EC170343-0DAC-4B68-A51C-803FCB5A6F0E}.Release|Any CPU.ActiveCfg = Release|Any CPU
		{EC170343-0DAC-4B68-A51C-803FCB5A6F0E}.Release|Any CPU.Build.0 = Release|Any CPU
		{443A0F4D-F98E-46B2-90C7-0EF87075AD16}.Debug|Any CPU.ActiveCfg = Debug|Any CPU
		{443A0F4D-F98E-46B2-90C7-0EF87075AD16}.Debug|Any CPU.Build.0 = Debug|Any CPU
		{443A0F4D-F98E-46B2-90C7-0EF87075AD16}.Release|Any CPU.ActiveCfg = Release|Any CPU
		{443A0F4D-F98E-46B2-90C7-0EF87075AD16}.Release|Any CPU.Build.0 = Release|Any CPU
		{51FF1939-FA26-471B-A3A4-44339F53383F}.Debug|Any CPU.ActiveCfg = Debug|Any CPU
		{51FF1939-FA26-471B-A3A4-44339F53383F}.Debug|Any CPU.Build.0 = Debug|Any CPU
		{51FF1939-FA26-471B-A3A4-44339F53383F}.Release|Any CPU.ActiveCfg = Release|Any CPU
		{51FF1939-FA26-471B-A3A4-44339F53383F}.Release|Any CPU.Build.0 = Release|Any CPU
		{A8D73DF0-1D8E-4B8F-9C6D-72458A3C82D2}.Debug|Any CPU.ActiveCfg = Debug|Any CPU
		{A8D73DF0-1D8E-4B8F-9C6D-72458A3C82D2}.Debug|Any CPU.Build.0 = Debug|Any CPU
		{A8D73DF0-1D8E-4B8F-9C6D-72458A3C82D2}.Release|Any CPU.ActiveCfg = Release|Any CPU
		{A8D73DF0-1D8E-4B8F-9C6D-72458A3C82D2}.Release|Any CPU.Build.0 = Release|Any CPU
		{9873B892-C1F1-489C-AC83-40DEC198B197}.Debug|Any CPU.ActiveCfg = Debug|Any CPU
		{9873B892-C1F1-489C-AC83-40DEC198B197}.Debug|Any CPU.Build.0 = Debug|Any CPU
		{9873B892-C1F1-489C-AC83-40DEC198B197}.Release|Any CPU.ActiveCfg = Release|Any CPU
		{9873B892-C1F1-489C-AC83-40DEC198B197}.Release|Any CPU.Build.0 = Release|Any CPU
	EndGlobalSection
	GlobalSection(SolutionProperties) = preSolution
		HideSolutionNode = FALSE
	EndGlobalSection
	GlobalSection(NestedProjects) = preSolution
		{1587CC24-DAE7-4927-8B3F-CC6185BA8A2B} = {DA7B0F04-BF4B-493C-9348-D8A634C8D07C}
		{EC170343-0DAC-4B68-A51C-803FCB5A6F0E} = {DA7B0F04-BF4B-493C-9348-D8A634C8D07C}
		{443A0F4D-F98E-46B2-90C7-0EF87075AD16} = {A6625B5B-801B-4477-A09F-E536410B446B}
		{51FF1939-FA26-471B-A3A4-44339F53383F} = {A6625B5B-801B-4477-A09F-E536410B446B}
		{A8D73DF0-1D8E-4B8F-9C6D-72458A3C82D2} = {3CA5F8C9-5D53-4193-AD5F-8E10EB25B2CE}
		{9873B892-C1F1-489C-AC83-40DEC198B197} = {DA7B0F04-BF4B-493C-9348-D8A634C8D07C}
		{A6625B5B-801B-4477-A09F-E536410B446B} = {DA7B0F04-BF4B-493C-9348-D8A634C8D07C}
	EndGlobalSection
	GlobalSection(ExtensibilityGlobals) = postSolution
		SolutionGuid = {60B1BB50-15FB-4C87-B1D3-1AD4069FBAA8}
	EndGlobalSection
EndGlobal
